
Microsoft Visual Studio Solution File, Format Version 12.00
# Visual Studio 15
VisualStudioVersion = 15.0.28307.1525
MinimumVisualStudioVersion = 10.0.40219.1
Project("{8BC9CEB8-8B4A-11D0-8D11-00A0C91BC942}") = "双链表", "双链表\双链表.vcxproj", "{72670EC5-3A5F-4D5B-B4B1-55D406DDEA17}"
EndProject
Global
	GlobalSection(SolutionConfigurationPlatforms) = preSolution
		Debug|x64 = Debug|x64
		Debug|x86 = Debug|x86
		Release|x64 = Release|x64
		Release|x86 = Release|x86
	EndGlobalSection
	GlobalSection(ProjectConfigurationPlatforms) = postSolution
		{72670EC5-3A5F-4D5B-B4B1-55D406DDEA17}.Debug|x64.ActiveCfg = Debug|x64
		{72670EC5-3A5F-4D5B-B4B1-55D406DDEA17}.Debug|x64.Build.0 = Debug|x64
		{72670EC5-3A5F-4D5B-B4B1-55D406DDEA17}.Debug|x86.ActiveCfg = Debug|Win32
		{72670EC5-3A5F-4D5B-B4B1-55D406DDEA17}.Debug|x86.Build.0 = Debug|Win32
		{72670EC5-3A5F-4D5B-B4B1-55D406DDEA17}.Release|x64.ActiveCfg = Release|x64
		{72670EC5-3A5F-4D5B-B4B1-55D406DDEA17}.Release|x64.Build.0 = Release|x64
		{72670EC5-3A5F-4D5B-B4B1-55D406DDEA17}.Release|x86.ActiveCfg = Release|Win32
		{72670EC5-3A5F-4D5B-B4B1-55D406DDEA17}.Release|x86.Build.0 = Release|Win32
	EndGlobalSection
	GlobalSection(SolutionProperties) = preSolution
		HideSolutionNode = FALSE
	EndGlobalSection
	GlobalSection(ExtensibilityGlobals) = postSolution
		SolutionGuid = {B21F5878-74E8-4823-881D-3903784EB24F}
	EndGlobalSection
EndGlobal
